# This file is automatically @generated by Cargo.
# It is not intended for manual editing.
version = 4

[[package]]
name = "ue-authority"
version = "0.0.1"
dependencies = [
 "ue-renderer-protocol",
]

[[package]]
name = "ue-bridge-ffi"
version = "0.0.1"
dependencies = [
 "ue-authority",
 "ue-renderer-protocol",
]

[[package]]
name = "ue-renderer-protocol"
version = "0.0.1"
